
Microsoft Visual Studio Solution File, Format Version 12.00
# Visual Studio Version 16
VisualStudioVersion = 16.0.29418.71
MinimumVisualStudioVersion = 10.0.40219.1
Project("{FAE04EC0-301F-11D3-BF4B-00C04F79EFBC}") = "Abyat.Tournament", "Abyat.Tournament\Abyat.Tournament.csproj", "{7109CD79-5DB6-46B7-AF6B-A5CAB8E84FBA}"
EndProject
Project("{FAE04EC0-301F-11D3-BF4B-00C04F79EFBC}") = "Abyat.Tournamet.Tests", "Abyat.Tournamet.Tests\Abyat.Tournamet.Tests.csproj", "{8D67AF4B-DCD9-4FAB-9270-D0B0A7BFA6E9}"
EndProject
Global
	GlobalSection(SolutionConfigurationPlatforms) = preSolution
		Debug|Any CPU = Debug|Any CPU
		Release|Any CPU = Release|Any CPU
	EndGlobalSection
	GlobalSection(ProjectConfigurationPlatforms) = postSolution
		{7109CD79-5DB6-46B7-AF6B-A5CAB8E84FBA}.Debug|Any CPU.ActiveCfg = Debug|Any CPU
		{7109CD79-5DB6-46B7-AF6B-A5CAB8E84FBA}.Debug|Any CPU.Build.0 = Debug|Any CPU
		{7109CD79-5DB6-46B7-AF6B-A5CAB8E84FBA}.Release|Any CPU.ActiveCfg = Release|Any CPU
		{7109CD79-5DB6-46B7-AF6B-A5CAB8E84FBA}.Release|Any CPU.Build.0 = Release|Any CPU
		{8D67AF4B-DCD9-4FAB-9270-D0B0A7BFA6E9}.Debug|Any CPU.ActiveCfg = Debug|Any CPU
		{8D67AF4B-DCD9-4FAB-9270-D0B0A7BFA6E9}.Debug|Any CPU.Build.0 = Debug|Any CPU
		{8D67AF4B-DCD9-4FAB-9270-D0B0A7BFA6E9}.Release|Any CPU.ActiveCfg = Release|Any CPU
		{8D67AF4B-DCD9-4FAB-9270-D0B0A7BFA6E9}.Release|Any CPU.Build.0 = Release|Any CPU
	EndGlobalSection
	GlobalSection(SolutionProperties) = preSolution
		HideSolutionNode = FALSE
	EndGlobalSection
	GlobalSection(ExtensibilityGlobals) = postSolution
		SolutionGuid = {D1128952-65F4-4564-B490-810C8AF0F7CB}
	EndGlobalSection
EndGlobal
